# THIS IS AN AUTOGENERATED FILE. DO NOT EDIT THIS FILE DIRECTLY.
# yarn lockfile v1


typed-react-form@^1.2.13:
  version "1.2.13"
  resolved "https://registry.yarnpkg.com/typed-react-form/-/typed-react-form-1.2.13.tgz#c391b91dc0e77b10033cc029964ba55925ea5d57"
  integrity sha512-MkpowsNDoteLEijViY+KancyTLlO1WHR5S0BaoZKf64I8tuOnUq0PI7BlDj1gnFT438XJpjIuIrRtEtNqoVtQw==

typescript@^4.2.3:
  version "4.2.3"
  resolved "https://registry.yarnpkg.com/typescript/-/typescript-4.2.3.tgz#39062d8019912d43726298f09493d598048c1ce3"
  integrity sha512-qOcYwxaByStAWrBf4x0fibwZvMRG+r4cQoTjbPtUlrWjBHbmCAww1i448U0GJ+3cNNEtebDteo/cHOR3xJ4wEw==
